
Microsoft Visual Studio Solution File, Format Version 12.00
# Visual Studio 14
VisualStudioVersion = 14.0.25123.0
MinimumVisualStudioVersion = 10.0.40219.1
Project("{2150E333-8FDC-42A3-9474-1A3956D46DE8}") = "Powershell", "Powershell", "{B9666E48-9307-4D37-A637-91BB7D3C691D}"
EndProject
Project("{2150E333-8FDC-42A3-9474-1A3956D46DE8}") = "Python", "Python", "{980F9629-8457-4E0A-BC31-71F49E0889B0}"
EndProject
Project("{F5034706-568F-408A-B7B3-4D38C6DB8A32}") = "AutomationScripts", "Powershell\AutomationScripts.pssproj", "{6CAFC0C6-A428-4D30-A9F9-700E829FEA51}"
EndProject
Project("{888888A0-9F3D-457C-B088-3A5042F75D52}") = "RunDeckScripts", "Python\RunDeckScripts.pyproj", "{8C0D5B8A-D183-4204-88A1-1AE2178EF783}"
EndProject
Global
	GlobalSection(SolutionConfigurationPlatforms) = preSolution
		Debug|Any CPU = Debug|Any CPU
		Release|Any CPU = Release|Any CPU
	EndGlobalSection
	GlobalSection(ProjectConfigurationPlatforms) = postSolution
		{6CAFC0C6-A428-4D30-A9F9-700E829FEA51}.Debug|Any CPU.ActiveCfg = Debug|Any CPU
		{6CAFC0C6-A428-4D30-A9F9-700E829FEA51}.Debug|Any CPU.Build.0 = Debug|Any CPU
		{6CAFC0C6-A428-4D30-A9F9-700E829FEA51}.Release|Any CPU.ActiveCfg = Release|Any CPU
		{6CAFC0C6-A428-4D30-A9F9-700E829FEA51}.Release|Any CPU.Build.0 = Release|Any CPU
		{8C0D5B8A-D183-4204-88A1-1AE2178EF783}.Debug|Any CPU.ActiveCfg = Debug|Any CPU
		{8C0D5B8A-D183-4204-88A1-1AE2178EF783}.Release|Any CPU.ActiveCfg = Release|Any CPU
	EndGlobalSection
	GlobalSection(SolutionProperties) = preSolution
		HideSolutionNode = FALSE
	EndGlobalSection
	GlobalSection(NestedProjects) = preSolution
		{6CAFC0C6-A428-4D30-A9F9-700E829FEA51} = {B9666E48-9307-4D37-A637-91BB7D3C691D}
		{8C0D5B8A-D183-4204-88A1-1AE2178EF783} = {980F9629-8457-4E0A-BC31-71F49E0889B0}
	EndGlobalSection
EndGlobal
